<Solution>
  <Folder Name="/src/">
    <Project Path="src/LupiraHealthApi.Core/LupiraHealthApi.Core.csproj" />
    <Project Path="src/LupiraHealthApi/LupiraHealthApi.csproj" />
  </Folder>
  <Folder Name="/tests/">
    <Project Path="tests/LupiraHealthApi.UnitTests/LupiraHealthApi.UnitTests.csproj" />
  </Folder>
</Solution>
